{
  "name": "example",
  "version": "1.0.0",
  "lockfileVersion": 3,
  "requires": true,
  "packages": {
    "": {
      "name": "example",
      "version": "1.0.0",
      "license": "ISC",
      "dependencies": {
        "@navetacandra/ddg": "^0.0.2"
      }
    },
    "node_modules/@navetacandra/ddg": {
      "version": "0.0.2",
      "resolved": "https://registry.npmjs.org/@navetacandra/ddg/-/ddg-0.0.2.tgz",
      "integrity": "sha512-qqh8AwCDxCaQzrxgHiN0JK5m0KZ8bObm5yEmdp03h2WBxc77PF7glTfyqSKJ/IAvgV/r9XUD/7BpmTFiNGzJ2Q=="
    }
  }
}
