{
  "name": "example",
  "version": "1.0.0",
  "lockfileVersion": 3,
  "requires": true,
  "packages": {
    "": {
      "name": "example",
      "version": "1.0.0",
      "license": "ISC",
      "dependencies": {
        "@navetacandra/ddg": "^0.0.1"
      }
    },
    "node_modules/@navetacandra/ddg": {
      "version": "0.0.1",
      "resolved": "https://registry.npmjs.org/@navetacandra/ddg/-/ddg-0.0.1.tgz",
      "integrity": "sha512-nqyvkYfEi8hK/WkbXp8M4M7AAel9qv5l/SVHv5wkzRwyybvzQQfFVieEckluTxsK0VPKpNilziEDKVcK24RvAA=="
    }
  }
}
